// !$*UTF8*$!
{
	archiveVersion = 1;
	classes = {
	};
	objectVersion = 46;
	objects = {

/* Begin PBXBuildFile section */
		9DE540421ABBC73A000EC97E /* main.m in Sources */ = {isa = PBXBuildFile; fileRef = 9DE540411ABBC73A000EC97E /* main.m */; };
		9DE540451ABBC73A000EC97E /* AppDelegate.m in Sources */ = {isa = PBXBuildFile; fileRef = 9DE540441ABBC73A000EC97E /* AppDelegate.m */; };
		9DE540481ABBC73A000EC97E /* ViewController.m in Sources */ = {isa = PBXBuildFile; fileRef = 9DE540471ABBC73A000EC97E /* ViewController.m */; };
		9DE5404B1ABBC73A000EC97E /* Main.storyboard in Resources */ = {isa = PBXBuildFile; fileRef = 9DE540491ABBC73A000EC97E /* Main.storyboard */; };
		9DE5404D1ABBC73A000EC97E /* Images.xcassets in Resources */ = {isa = PBXBuildFile; fileRef = 9DE5404C1ABBC73A000EC97E /* Images.xcassets */; };
		9DE540501ABBC73A000EC97E /* LaunchScreen.xib in Resources */ = {isa = PBXBuildFile; fileRef = 9DE5404E1ABBC73A000EC97E /* LaunchScreen.xib */; };
		9DE5405C1ABBC73A000EC97E /* DatePickerDemoTests.m in Sources */ = {isa = PBXBuildFile; fileRef = 9DE5405B1ABBC73A000EC97E /* DatePickerDemoTests.m */; };
		9DE5406C1ABBC77D000EC97E /* ZQDatePicker.m in Sources */ = {isa = PBXBuildFile; fileRef = 9DE5406B1ABBC77D000EC97E /* ZQDatePicker.m */; };
/* End PBXBuildFile section */

/* Begin PBXContainerItemProxy section */
		9DE540561ABBC73A000EC97E /* PBXContainerItemProxy */ = {
			isa = PBXContainerItemProxy;
			containerPortal = 9DE540341ABBC73A000EC97E /* Project object */;
			proxyType = 1;
			remoteGlobalIDString = 9DE5403B1ABBC73A000EC97E;
			remoteInfo = DatePickerDemo;
		};
/* End PBXContainerItemProxy section */

/* Begin PBXFileReference section */
		9DE5403C1ABBC73A000EC97E /* DatePickerDemo.app */ = {isa = PBXFileReference; explicitFileType = wrapper.application; includeInIndex = 0; path = DatePickerDemo.app; sourceTree = BUILT_PRODUCTS_DIR; };
		9DE540401ABBC73A000EC97E /* Info.plist */ = {isa = PBXFileReference; lastKnownFileType = text.plist.xml; path = Info.plist; sourceTree = "<group>"; };
		9DE540411ABBC73A000EC97E /* main.m */ = {isa = PBXFileReference; lastKnownFileType = sourcecode.c.objc; path = main.m; sourceTree = "<group>"; };
		9DE540431ABBC73A000EC97E /* AppDelegate.h */ = {isa = PBXFileReference; lastKnownFileType = sourcecode.c.h; path = AppDelegate.h; sourceTree = "<group>"; };
		9DE540441ABBC73A000EC97E /* AppDelegate.m */ = {isa = PBXFileReference; lastKnownFileType = sourcecode.c.objc; path = AppDelegate.m; sourceTree = "<group>"; };
		9DE540461ABBC73A000EC97E /* ViewController.h */ = {isa = PBXFileReference; lastKnownFileType = sourcecode.c.h; path = ViewController.h; sourceTree = "<group>"; };
		9DE540471ABBC73A000EC97E /* ViewController.m */ = {isa = PBXFileReference; lastKnownFileType = sourcecode.c.objc; path = ViewController.m; sourceTree = "<group>"; };
		9DE5404A1ABBC73A000EC97E /* Base */ = {isa = PBXFileReference; lastKnownFileType = file.storyboard; name = Base; path = Base.lproj/Main.storyboard; sourceTree = "<group>"; };
		9DE5404C1ABBC73A000EC97E /* Images.xcassets */ = {isa = PBXFileReference; lastKnownFileType = folder.assetcatalog; path = Images.xcassets; sourceTree = "<group>"; };
		9DE5404F1ABBC73A000EC97E /* Base */ = {isa = PBXFileReference; lastKnownFileType = file.xib; name = Base; path = Base.lproj/LaunchScreen.xib; sourceTree = "<group>"; };
		9DE540551ABBC73A000EC97E /* DatePickerDemoTests.xctest */ = {isa = PBXFileReference; explicitFileType = wrapper.cfbundle; includeInIndex = 0; path = DatePickerDemoTests.xctest; sourceTree = BUILT_PRODUCTS_DIR; };
		9DE5405A1ABBC73A000EC97E /* Info.plist */ = {isa = PBXFileReference; lastKnownFileType = text.plist.xml; path = Info.plist; sourceTree = "<group>"; };
		9DE5405B1ABBC73A000EC97E /* DatePickerDemoTests.m */ = {isa = PBXFileReference; lastKnownFileType = sourcecode.c.objc; path = DatePickerDemoTests.m; sourceTree = "<group>"; };
		9DE5406A1ABBC77D000EC97E /* ZQDatePicker.h */ = {isa = PBXFileReference; fileEncoding = 4; lastKnownFileType = sourcecode.c.h; path = ZQDatePicker.h; sourceTree = "<group>"; };
		9DE5406B1ABBC77D000EC97E /* ZQDatePicker.m */ = {isa = PBXFileReference; fileEncoding = 4; lastKnownFileType = sourcecode.c.objc; path = ZQDatePicker.m; sourceTree = "<group>"; };
/* End PBXFileReference section */

/* Begin PBXFrameworksBuildPhase section */
		9DE540391ABBC73A000EC97E /* Frameworks */ = {
			isa = PBXFrameworksBuildPhase;
			buildActionMask = 2147483647;
			files = (
			);
			runOnlyForDeploymentPostprocessing = 0;
		};
		9DE540521ABBC73A000EC97E /* Frameworks */ = {
			isa = PBXFrameworksBuildPhase;
			buildActionMask = 2147483647;
			files = (
			);
			runOnlyForDeploymentPostprocessing = 0;
		};
/* End PBXFrameworksBuildPhase section */

/* Begin PBXGroup section */
		9DE540331ABBC73A000EC97E = {
			isa = PBXGroup;
			children = (
				9DE5403E1ABBC73A000EC97E /* DatePickerDemo */,
				9DE540581ABBC73A000EC97E /* DatePickerDemoTests */,
				9DE5403D1ABBC73A000EC97E /* Products */,
			);
			sourceTree = "<group>";
		};
		9DE5403D1ABBC73A000EC97E /* Products */ = {
			isa = PBXGroup;
			children = (
				9DE5403C1ABBC73A000EC97E /* DatePickerDemo.app */,
				9DE540551ABBC73A000EC97E /* DatePickerDemoTests.xctest */,
			);
			name = Products;
			sourceTree = "<group>";
		};
		9DE5403E1ABBC73A000EC97E /* DatePickerDemo */ = {
			isa = PBXGroup;
			children = (
				9DE540691ABBC77D000EC97E /* DatePicker */,
				9DE540431ABBC73A000EC97E /* AppDelegate.h */,
				9DE540441ABBC73A000EC97E /* AppDelegate.m */,
				9DE540461ABBC73A000EC97E /* ViewController.h */,
				9DE540471ABBC73A000EC97E /* ViewController.m */,
				9DE540491ABBC73A000EC97E /* Main.storyboard */,
				9DE5404C1ABBC73A000EC97E /* Images.xcassets */,
				9DE5404E1ABBC73A000EC97E /* LaunchScreen.xib */,
				9DE5403F1ABBC73A000EC97E /* Supporting Files */,
			);
			path = DatePickerDemo;
			sourceTree = "<group>";
		};
		9DE5403F1ABBC73A000EC97E /* Supporting Files */ = {
			isa = PBXGroup;
			children = (
				9DE540401ABBC73A000EC97E /* Info.plist */,
				9DE540411ABBC73A000EC97E /* main.m */,
			);
			name = "Supporting Files";
			sourceTree = "<group>";
		};
		9DE540581ABBC73A000EC97E /* DatePickerDemoTests */ = {
			isa = PBXGroup;
			children = (
				9DE5405B1ABBC73A000EC97E /* DatePickerDemoTests.m */,
				9DE540591ABBC73A000EC97E /* Supporting Files */,
			);
			path = DatePickerDemoTests;
			sourceTree = "<group>";
		};
		9DE540591ABBC73A000EC97E /* Supporting Files */ = {
			isa = PBXGroup;
			children = (
				9DE5405A1ABBC73A000EC97E /* Info.plist */,
			);
			name = "Supporting Files";
			sourceTree = "<group>";
		};
		9DE540691ABBC77D000EC97E /* DatePicker */ = {
			isa = PBXGroup;
			children = (
				9DE5406A1ABBC77D000EC97E /* ZQDatePicker.h */,
				9DE5406B1ABBC77D000EC97E /* ZQDatePicker.m */,
			);
			path = DatePicker;
			sourceTree = "<group>";
		};
/* End PBXGroup section */

/* Begin PBXNativeTarget section */
		9DE5403B1ABBC73A000EC97E /* DatePickerDemo */ = {
			isa = PBXNativeTarget;
			buildConfigurationList = 9DE5405F1ABBC73A000EC97E /* Build configuration list for PBXNativeTarget "DatePickerDemo" */;
			buildPhases = (
				9DE540381ABBC73A000EC97E /* Sources */,
				9DE540391ABBC73A000EC97E /* Frameworks */,
				9DE5403A1ABBC73A000EC97E /* Resources */,
			);
			buildRules = (
			);
			dependencies = (
			);
			name = DatePickerDemo;
			productName = DatePickerDemo;
			productReference = 9DE5403C1ABBC73A000EC97E /* DatePickerDemo.app */;
			productType = "com.apple.product-type.application";
		};
		9DE540541ABBC73A000EC97E /* DatePickerDemoTests */ = {
			isa = PBXNativeTarget;
			buildConfigurationList = 9DE540621ABBC73A000EC97E /* Build configuration list for PBXNativeTarget "DatePickerDemoTests" */;
			buildPhases = (
				9DE540511ABBC73A000EC97E /* Sources */,
				9DE540521ABBC73A000EC97E /* Frameworks */,
				9DE540531ABBC73A000EC97E /* Resources */,
			);
			buildRules = (
			);
			dependencies = (
				9DE540571ABBC73A000EC97E /* PBXTargetDependency */,
			);
			name = DatePickerDemoTests;
			productName = DatePickerDemoTests;
			productReference = 9DE540551ABBC73A000EC97E /* DatePickerDemoTests.xctest */;
			productType = "com.apple.product-type.bundle.unit-test";
		};
/* End PBXNativeTarget section */

/* Begin PBXProject section */
		9DE540341ABBC73A000EC97E /* Project object */ = {
			isa = PBXProject;
			attributes = {
				LastUpgradeCheck = 0620;
				ORGANIZATIONNAME = Rocke;
				TargetAttributes = {
					9DE5403B1ABBC73A000EC97E = {
						CreatedOnToolsVersion = 6.2;
					};
					9DE540541ABBC73A000EC97E = {
						CreatedOnToolsVersion = 6.2;
						TestTargetID = 9DE5403B1ABBC73A000EC97E;
					};
				};
			};
			buildConfigurationList = 9DE540371ABBC73A000EC97E /* Build configuration list for PBXProject "DatePickerDemo" */;
			compatibilityVersion = "Xcode 3.2";
			developmentRegion = English;
			hasScannedForEncodings = 0;
			knownRegions = (
				en,
				Base,
			);
			mainGroup = 9DE540331ABBC73A000EC97E;
			productRefGroup = 9DE5403D1ABBC73A000EC97E /* Products */;
			projectDirPath = "";
			projectRoot = "";
			targets = (
				9DE5403B1ABBC73A000EC97E /* DatePickerDemo */,
				9DE540541ABBC73A000EC97E /* DatePickerDemoTests */,
			);
		};
/* End PBXProject section */

/* Begin PBXResourcesBuildPhase section */
		9DE5403A1ABBC73A000EC97E /* Resources */ = {
			isa = PBXResourcesBuildPhase;
			buildActionMask = 2147483647;
			files = (
				9DE5404B1ABBC73A000EC97E /* Main.storyboard in Resources */,
				9DE540501ABBC73A000EC97E /* LaunchScreen.xib in Resources */,
				9DE5404D1ABBC73A000EC97E /* Images.xcassets in Resources */,
			);
			runOnlyForDeploymentPostprocessing = 0;
		};
		9DE540531ABBC73A000EC97E /* Resources */ = {
			isa = PBXResourcesBuildPhase;
			buildActionMask = 2147483647;
			files = (
			);
			runOnlyForDeploymentPostprocessing = 0;
		};
/* End PBXResourcesBuildPhase section */

/* Begin PBXSourcesBuildPhase section */
		9DE540381ABBC73A000EC97E /* Sources */ = {
			isa = PBXSourcesBuildPhase;
			buildActionMask = 2147483647;
			files = (
				9DE5406C1ABBC77D000EC97E /* ZQDatePicker.m in Sources */,
				9DE540481ABBC73A000EC97E /* ViewController.m in Sources */,
				9DE540451ABBC73A000EC97E /* AppDelegate.m in Sources */,
				9DE540421ABBC73A000EC97E /* main.m in Sources */,
			);
			runOnlyForDeploymentPostprocessing = 0;
		};
		9DE540511ABBC73A000EC97E /* Sources */ = {
			isa = PBXSourcesBuildPhase;
			buildActionMask = 2147483647;
			files = (
				9DE5405C1ABBC73A000EC97E /* DatePickerDemoTests.m in Sources */,
			);
			runOnlyForDeploymentPostprocessing = 0;
		};
/* End PBXSourcesBuildPhase section */

/* Begin PBXTargetDependency section */
		9DE540571ABBC73A000EC97E /* PBXTargetDependency */ = {
			isa = PBXTargetDependency;
			target = 9DE5403B1ABBC73A000EC97E /* DatePickerDemo */;
			targetProxy = 9DE540561ABBC73A000EC97E /* PBXContainerItemProxy */;
		};
/* End PBXTargetDependency section */

/* Begin PBXVariantGroup section */
		9DE540491ABBC73A000EC97E /* Main.storyboard */ = {
			isa = PBXVariantGroup;
			children = (
				9DE5404A1ABBC73A000EC97E /* Base */,
			);
			name = Main.storyboard;
			sourceTree = "<group>";
		};
		9DE5404E1ABBC73A000EC97E /* LaunchScreen.xib */ = {
			isa = PBXVariantGroup;
			children = (
				9DE5404F1ABBC73A000EC97E /* Base */,
			);
			name = LaunchScreen.xib;
			sourceTree = "<group>";
		};
/* End PBXVariantGroup section */

/* Begin XCBuildConfiguration section */
		9DE5405D1ABBC73A000EC97E /* Debug */ = {
			isa = XCBuildConfiguration;
			buildSettings = {
				ALWAYS_SEARCH_USER_PATHS = NO;
				CLANG_CXX_LANGUAGE_STANDARD = "gnu++0x";
				CLANG_CXX_LIBRARY = "libc++";
				CLANG_ENABLE_MODULES = YES;
				CLANG_ENABLE_OBJC_ARC = YES;
				CLANG_WARN_BOOL_CONVERSION = YES;
				CLANG_WARN_CONSTANT_CONVERSION = YES;
				CLANG_WARN_DIRECT_OBJC_ISA_USAGE = YES_ERROR;
				CLANG_WARN_EMPTY_BODY = YES;
				CLANG_WARN_ENUM_CONVERSION = YES;
				CLANG_WARN_INT_CONVERSION = YES;
				CLANG_WARN_OBJC_ROOT_CLASS = YES_ERROR;
				CLANG_WARN_UNREACHABLE_CODE = YES;
				CLANG_WARN__DUPLICATE_METHOD_MATCH = YES;
				"CODE_SIGN_IDENTITY[sdk=iphoneos*]" = "iPhone Developer";
				COPY_PHASE_STRIP = NO;
				ENABLE_STRICT_OBJC_MSGSEND = YES;
				GCC_C_LANGUAGE_STANDARD = gnu99;
				GCC_DYNAMIC_NO_PIC = NO;
				GCC_OPTIMIZATION_LEVEL = 0;
				GCC_PREPROCESSOR_DEFINITIONS = (
					"DEBUG=1",
					"$(inherited)",
				);
				GCC_SYMBOLS_PRIVATE_EXTERN = NO;
				GCC_WARN_64_TO_32_BIT_CONVERSION = YES;
				GCC_WARN_ABOUT_RETURN_TYPE = YES_ERROR;
				GCC_WARN_UNDECLARED_SELECTOR = YES;
				GCC_WARN_UNINITIALIZED_AUTOS = YES_AGGRESSIVE;
				GCC_WARN_UNUSED_FUNCTION = YES;
				GCC_WARN_UNUSED_VARIABLE = YES;
				IPHONEOS_DEPLOYMENT_TARGET = 8.2;
				MTL_ENABLE_DEBUG_INFO = YES;
				ONLY_ACTIVE_ARCH = YES;
				SDKROOT = iphoneos;
			};
			name = Debug;
		};
		9DE5405E1ABBC73A000EC97E /* Release */ = {
			isa = XCBuildConfiguration;
			buildSettings = {
				ALWAYS_SEARCH_USER_PATHS = NO;
				CLANG_CXX_LANGUAGE_STANDARD = "gnu++0x";
				CLANG_CXX_LIBRARY = "libc++";
				CLANG_ENABLE_MODULES = YES;
				CLANG_ENABLE_OBJC_ARC = YES;
				CLANG_WARN_BOOL_CONVERSION = YES;
				CLANG_WARN_CONSTANT_CONVERSION = YES;
				CLANG_WARN_DIRECT_OBJC_ISA_USAGE = YES_ERROR;
				CLANG_WARN_EMPTY_BODY = YES;
				CLANG_WARN_ENUM_CONVERSION = YES;
				CLANG_WARN_INT_CONVERSION = YES;
				CLANG_WARN_OBJC_ROOT_CLASS = YES_ERROR;
				CLANG_WARN_UNREACHABLE_CODE = YES;
				CLANG_WARN__DUPLICATE_METHOD_MATCH = YES;
				"CODE_SIGN_IDENTITY[sdk=iphoneos*]" = "iPhone Developer";
				COPY_PHASE_STRIP = NO;
				ENABLE_NS_ASSERTIONS = NO;
				ENABLE_STRICT_OBJC_MSGSEND = YES;
				GCC_C_LANGUAGE_STANDARD = gnu99;
				GCC_WARN_64_TO_32_BIT_CONVERSION = YES;
				GCC_WARN_ABOUT_RETURN_TYPE = YES_ERROR;
				GCC_WARN_UNDECLARED_SELECTOR = YES;
				GCC_WARN_UNINITIALIZED_AUTOS = YES_AGGRESSIVE;
				GCC_WARN_UNUSED_FUNCTION = YES;
				GCC_WARN_UNUSED_VARIABLE = YES;
				IPHONEOS_DEPLOYMENT_TARGET = 8.2;
				MTL_ENABLE_DEBUG_INFO = NO;
				SDKROOT = iphoneos;
				VALIDATE_PRODUCT = YES;
			};
			name = Release;
		};
		9DE540601ABBC73A000EC97E /* Debug */ = {
			isa = XCBuildConfiguration;
			buildSettings = {
				ASSETCATALOG_COMPILER_APPICON_NAME = AppIcon;
				INFOPLIST_FILE = DatePickerDemo/Info.plist;
				IPHONEOS_DEPLOYMENT_TARGET = 6.0;
				LD_RUNPATH_SEARCH_PATHS = "$(inherited) @executable_path/Frameworks";
				PRODUCT_NAME = "$(TARGET_NAME)";
			};
			name = Debug;
		};
		9DE540611ABBC73A000EC97E /* Release */ = {
			isa = XCBuildConfiguration;
			buildSettings = {
				ASSETCATALOG_COMPILER_APPICON_NAME = AppIcon;
				INFOPLIST_FILE = DatePickerDemo/Info.plist;
				IPHONEOS_DEPLOYMENT_TARGET = 6.0;
				LD_RUNPATH_SEARCH_PATHS = "$(inherited) @executable_path/Frameworks";
				PRODUCT_NAME = "$(TARGET_NAME)";
			};
			name = Release;
		};
		9DE540631ABBC73A000EC97E /* Debug */ = {
			isa = XCBuildConfiguration;
			buildSettings = {
				BUNDLE_LOADER = "$(TEST_HOST)";
				FRAMEWORK_SEARCH_PATHS = (
					"$(SDKROOT)/Developer/Library/Frameworks",
					"$(inherited)",
				);
				GCC_PREPROCESSOR_DEFINITIONS = (
					"DEBUG=1",
					"$(inherited)",
				);
				INFOPLIST_FILE = DatePickerDemoTests/Info.plist;
				LD_RUNPATH_SEARCH_PATHS = "$(inherited) @executable_path/Frameworks @loader_path/Frameworks";
				PRODUCT_NAME = "$(TARGET_NAME)";
				TEST_HOST = "$(BUILT_PRODUCTS_DIR)/DatePickerDemo.app/DatePickerDemo";
			};
			name = Debug;
		};
		9DE540641ABBC73A000EC97E /* Release */ = {
			isa = XCBuildConfiguration;
			buildSettings = {
				BUNDLE_LOADER = "$(TEST_HOST)";
				FRAMEWORK_SEARCH_PATHS = (
					"$(SDKROOT)/Developer/Library/Frameworks",
					"$(inherited)",
				);
				INFOPLIST_FILE = DatePickerDemoTests/Info.plist;
				LD_RUNPATH_SEARCH_PATHS = "$(inherited) @executable_path/Frameworks @loader_path/Frameworks";
				PRODUCT_NAME = "$(TARGET_NAME)";
				TEST_HOST = "$(BUILT_PRODUCTS_DIR)/DatePickerDemo.app/DatePickerDemo";
			};
			name = Release;
		};
/* End XCBuildConfiguration section */

/* Begin XCConfigurationList section */
		9DE540371ABBC73A000EC97E /* Build configuration list for PBXProject "DatePickerDemo" */ = {
			isa = XCConfigurationList;
			buildConfigurations = (
				9DE5405D1ABBC73A000EC97E /* Debug */,
				9DE5405E1ABBC73A000EC97E /* Release */,
			);
			defaultConfigurationIsVisible = 0;
			defaultConfigurationName = Release;
		};
		9DE5405F1ABBC73A000EC97E /* Build configuration list for PBXNativeTarget "DatePickerDemo" */ = {
			isa = XCConfigurationList;
			buildConfigurations = (
				9DE540601ABBC73A000EC97E /* Debug */,
				9DE540611ABBC73A000EC97E /* Release */,
			);
			defaultConfigurationIsVisible = 0;
		};
		9DE540621ABBC73A000EC97E /* Build configuration list for PBXNativeTarget "DatePickerDemoTests" */ = {
			isa = XCConfigurationList;
			buildConfigurations = (
				9DE540631ABBC73A000EC97E /* Debug */,
				9DE540641ABBC73A000EC97E /* Release */,
			);
			defaultConfigurationIsVisible = 0;
		};
/* End XCConfigurationList section */
	};
	rootObject = 9DE540341ABBC73A000EC97E /* Project object */;
}
